
Microsoft Visual Studio Solution File, Format Version 12.00
# Visual Studio Version 16
VisualStudioVersion = 16.0.29215.179
MinimumVisualStudioVersion = 10.0.40219.1
Project("{FAE04EC0-301F-11D3-BF4B-00C04F79EFBC}") = "ProyectoFinalFerreteria", "ProyectoFinalFerreteria\ProyectoFinalFerreteria.csproj", "{01E20F56-77E0-45C5-B19D-630C5D245AF1}"
EndProject
Project("{FAE04EC0-301F-11D3-BF4B-00C04F79EFBC}") = "ProyectoFinalFerreteriaTests", "ProyectoFinalFerreteriaTests\ProyectoFinalFerreteriaTests.csproj", "{C480F1FD-A2B2-48EA-BBD3-F6A1F3ED843D}"
EndProject
Global
	GlobalSection(SolutionConfigurationPlatforms) = preSolution
		Debug|Any CPU = Debug|Any CPU
		Release|Any CPU = Release|Any CPU
	EndGlobalSection
	GlobalSection(ProjectConfigurationPlatforms) = postSolution
		{01E20F56-77E0-45C5-B19D-630C5D245AF1}.Debug|Any CPU.ActiveCfg = Debug|Any CPU
		{01E20F56-77E0-45C5-B19D-630C5D245AF1}.Debug|Any CPU.Build.0 = Debug|Any CPU
		{01E20F56-77E0-45C5-B19D-630C5D245AF1}.Release|Any CPU.ActiveCfg = Release|Any CPU
		{01E20F56-77E0-45C5-B19D-630C5D245AF1}.Release|Any CPU.Build.0 = Release|Any CPU
		{C480F1FD-A2B2-48EA-BBD3-F6A1F3ED843D}.Debug|Any CPU.ActiveCfg = Debug|Any CPU
		{C480F1FD-A2B2-48EA-BBD3-F6A1F3ED843D}.Debug|Any CPU.Build.0 = Debug|Any CPU
		{C480F1FD-A2B2-48EA-BBD3-F6A1F3ED843D}.Release|Any CPU.ActiveCfg = Release|Any CPU
		{C480F1FD-A2B2-48EA-BBD3-F6A1F3ED843D}.Release|Any CPU.Build.0 = Release|Any CPU
	EndGlobalSection
	GlobalSection(SolutionProperties) = preSolution
		HideSolutionNode = FALSE
	EndGlobalSection
	GlobalSection(ExtensibilityGlobals) = postSolution
		SolutionGuid = {C991A3BD-C084-4115-B7BC-FF5CFE990A13}
	EndGlobalSection
EndGlobal
